
Microsoft Visual Studio Solution File, Format Version 12.00
# Visual Studio 15
VisualStudioVersion = 15.0.26730.12
MinimumVisualStudioVersion = 10.0.40219.1
Project("{FAE04EC0-301F-11D3-BF4B-00C04F79EFBC}") = "WebLibrary2.WebUI", "WebLibrary2.WebUI\WebLibrary2.WebUI.csproj", "{D9FBD45D-575B-4B54-8B90-1B8698ECA4D0}"
EndProject
Project("{FAE04EC0-301F-11D3-BF4B-00C04F79EFBC}") = "WebLibrary2.Domain", "WebLibrary2.Domain\WebLibrary2.Domain.csproj", "{7AC79702-F7B7-4BD8-B9B0-5DB66FAA775D}"
EndProject
Global
	GlobalSection(SolutionConfigurationPlatforms) = preSolution
		Debug|Any CPU = Debug|Any CPU
		Release|Any CPU = Release|Any CPU
	EndGlobalSection
	GlobalSection(ProjectConfigurationPlatforms) = postSolution
		{D9FBD45D-575B-4B54-8B90-1B8698ECA4D0}.Debug|Any CPU.ActiveCfg = Debug|Any CPU
		{D9FBD45D-575B-4B54-8B90-1B8698ECA4D0}.Debug|Any CPU.Build.0 = Debug|Any CPU
		{D9FBD45D-575B-4B54-8B90-1B8698ECA4D0}.Release|Any CPU.ActiveCfg = Release|Any CPU
		{D9FBD45D-575B-4B54-8B90-1B8698ECA4D0}.Release|Any CPU.Build.0 = Release|Any CPU
		{7AC79702-F7B7-4BD8-B9B0-5DB66FAA775D}.Debug|Any CPU.ActiveCfg = Debug|Any CPU
		{7AC79702-F7B7-4BD8-B9B0-5DB66FAA775D}.Debug|Any CPU.Build.0 = Debug|Any CPU
		{7AC79702-F7B7-4BD8-B9B0-5DB66FAA775D}.Release|Any CPU.ActiveCfg = Release|Any CPU
		{7AC79702-F7B7-4BD8-B9B0-5DB66FAA775D}.Release|Any CPU.Build.0 = Release|Any CPU
	EndGlobalSection
	GlobalSection(SolutionProperties) = preSolution
		HideSolutionNode = FALSE
	EndGlobalSection
	GlobalSection(ExtensibilityGlobals) = postSolution
		SolutionGuid = {87B69F0D-D7BF-4EDC-9938-B1C3314398DB}
	EndGlobalSection
EndGlobal
